
Microsoft Visual Studio Solution File, Format Version 12.00
# Visual Studio 15
VisualStudioVersion = 15.0.28307.852
MinimumVisualStudioVersion = 10.0.40219.1
Project("{FAE04EC0-301F-11D3-BF4B-00C04F79EFBC}") = "SPFileExplorerExtension", "SPFileExplorerExtension\SPFileExplorerExtension.csproj", "{A17C39C1-B63F-4A08-B0AE-D28CF9DEC829}"
EndProject
Global
	GlobalSection(SolutionConfigurationPlatforms) = preSolution
		Debug|Any CPU = Debug|Any CPU
		Release|Any CPU = Release|Any CPU
	EndGlobalSection
	GlobalSection(ProjectConfigurationPlatforms) = postSolution
		{A17C39C1-B63F-4A08-B0AE-D28CF9DEC829}.Debug|Any CPU.ActiveCfg = Debug|Any CPU
		{A17C39C1-B63F-4A08-B0AE-D28CF9DEC829}.Debug|Any CPU.Build.0 = Debug|Any CPU
		{A17C39C1-B63F-4A08-B0AE-D28CF9DEC829}.Release|Any CPU.ActiveCfg = Release|Any CPU
		{A17C39C1-B63F-4A08-B0AE-D28CF9DEC829}.Release|Any CPU.Build.0 = Release|Any CPU
	EndGlobalSection
	GlobalSection(SolutionProperties) = preSolution
		HideSolutionNode = FALSE
	EndGlobalSection
	GlobalSection(ExtensibilityGlobals) = postSolution
		SolutionGuid = {BF774050-969E-4CFF-B53D-AC93C57B5DA0}
	EndGlobalSection
EndGlobal
